
Microsoft Visual Studio Solution File, Format Version 12.00
# Visual Studio 15
VisualStudioVersion = 15.0.26730.12
MinimumVisualStudioVersion = 10.0.40219.1
Project("{2150E333-8FDC-42A3-9474-1A3956D46DE8}") = "Solution Items", "Solution Items", "{CC6DB7EC-7DAD-4B28-82DC-560C304AA915}"
	ProjectSection(SolutionItems) = preProject
		README.md = README.md
	EndProjectSection
EndProject
Project("{2150E333-8FDC-42A3-9474-1A3956D46DE8}") = "src", "src", "{799871FB-C9BC-474A-9F31-63DC3A95726D}"
EndProject
Project("{2150E333-8FDC-42A3-9474-1A3956D46DE8}") = "test", "test", "{7422508F-CD37-4D70-8725-61249357B291}"
EndProject
Project("{FAE04EC0-301F-11D3-BF4B-00C04F79EFBC}") = "Couchbase.AspNet.UnitTests", "test\Couchbase.AspNet.UnitTests\Couchbase.AspNet.UnitTests.csproj", "{6F71D684-7652-4F5C-AF68-6B593C22C4AD}"
EndProject
Project("{FAE04EC0-301F-11D3-BF4B-00C04F79EFBC}") = "Couchbase.Asp.Net.IntegrationTests", "test\Couchbase.Asp.Net.IntegrationTests\Couchbase.Asp.Net.IntegrationTests.csproj", "{472626CD-F95A-4ADB-9497-2A2783DF2BBF}"
EndProject
Project("{FAE04EC0-301F-11D3-BF4B-00C04F79EFBC}") = "Couchbase.AspNet", "src\Couchbase.AspNet\Couchbase.AspNet.csproj", "{3EA61628-625D-4C89-AFC6-5F60D51C1DA8}"
EndProject
Global
	GlobalSection(SolutionConfigurationPlatforms) = preSolution
		Debug|Any CPU = Debug|Any CPU
		Release|Any CPU = Release|Any CPU
	EndGlobalSection
	GlobalSection(ProjectConfigurationPlatforms) = postSolution
		{6F71D684-7652-4F5C-AF68-6B593C22C4AD}.Debug|Any CPU.ActiveCfg = Debug|Any CPU
		{6F71D684-7652-4F5C-AF68-6B593C22C4AD}.Debug|Any CPU.Build.0 = Debug|Any CPU
		{6F71D684-7652-4F5C-AF68-6B593C22C4AD}.Release|Any CPU.ActiveCfg = Release|Any CPU
		{6F71D684-7652-4F5C-AF68-6B593C22C4AD}.Release|Any CPU.Build.0 = Release|Any CPU
		{472626CD-F95A-4ADB-9497-2A2783DF2BBF}.Debug|Any CPU.ActiveCfg = Debug|Any CPU
		{472626CD-F95A-4ADB-9497-2A2783DF2BBF}.Debug|Any CPU.Build.0 = Debug|Any CPU
		{472626CD-F95A-4ADB-9497-2A2783DF2BBF}.Release|Any CPU.ActiveCfg = Release|Any CPU
		{472626CD-F95A-4ADB-9497-2A2783DF2BBF}.Release|Any CPU.Build.0 = Release|Any CPU
		{3EA61628-625D-4C89-AFC6-5F60D51C1DA8}.Debug|Any CPU.ActiveCfg = Debug|Any CPU
		{3EA61628-625D-4C89-AFC6-5F60D51C1DA8}.Debug|Any CPU.Build.0 = Debug|Any CPU
		{3EA61628-625D-4C89-AFC6-5F60D51C1DA8}.Release|Any CPU.ActiveCfg = Release|Any CPU
		{3EA61628-625D-4C89-AFC6-5F60D51C1DA8}.Release|Any CPU.Build.0 = Release|Any CPU
	EndGlobalSection
	GlobalSection(SolutionProperties) = preSolution
		HideSolutionNode = FALSE
	EndGlobalSection
	GlobalSection(NestedProjects) = preSolution
		{6F71D684-7652-4F5C-AF68-6B593C22C4AD} = {7422508F-CD37-4D70-8725-61249357B291}
		{472626CD-F95A-4ADB-9497-2A2783DF2BBF} = {7422508F-CD37-4D70-8725-61249357B291}
		{3EA61628-625D-4C89-AFC6-5F60D51C1DA8} = {799871FB-C9BC-474A-9F31-63DC3A95726D}
	EndGlobalSection
	GlobalSection(ExtensibilityGlobals) = postSolution
		SolutionGuid = {EF13D113-F723-4669-9A74-A12653F79B89}
	EndGlobalSection
EndGlobal
