
Microsoft Visual Studio Solution File, Format Version 11.00
# Visual Studio 2010
Project("{FAE04EC0-301F-11D3-BF4B-00C04F79EFBC}") = "Couchbase.AspNet", "Couchbase.AspNet\Couchbase.AspNet.csproj", "{A53FF68E-9029-4652-A59D-F9FFD097C206}"
EndProject
Project("{FAE04EC0-301F-11D3-BF4B-00C04F79EFBC}") = "CouchbaseAspNetSample", "CouchbaseAspNetSample\CouchbaseAspNetSample.csproj", "{E0E0512D-42ED-4302-9E1D-182FE3945F28}"
EndProject
Project("{2150E333-8FDC-42A3-9474-1A3956D46DE8}") = "Solution Items", "Solution Items", "{CC6DB7EC-7DAD-4B28-82DC-560C304AA915}"
	ProjectSection(SolutionItems) = preProject
		Readme.mdown = Readme.mdown
	EndProjectSection
EndProject
Global
	GlobalSection(SolutionConfigurationPlatforms) = preSolution
		Debug|Any CPU = Debug|Any CPU
		Release|Any CPU = Release|Any CPU
	EndGlobalSection
	GlobalSection(ProjectConfigurationPlatforms) = postSolution
		{A53FF68E-9029-4652-A59D-F9FFD097C206}.Debug|Any CPU.ActiveCfg = Debug|Any CPU
		{A53FF68E-9029-4652-A59D-F9FFD097C206}.Debug|Any CPU.Build.0 = Debug|Any CPU
		{A53FF68E-9029-4652-A59D-F9FFD097C206}.Release|Any CPU.ActiveCfg = Release|Any CPU
		{A53FF68E-9029-4652-A59D-F9FFD097C206}.Release|Any CPU.Build.0 = Release|Any CPU
		{E0E0512D-42ED-4302-9E1D-182FE3945F28}.Debug|Any CPU.ActiveCfg = Debug|Any CPU
		{E0E0512D-42ED-4302-9E1D-182FE3945F28}.Debug|Any CPU.Build.0 = Debug|Any CPU
		{E0E0512D-42ED-4302-9E1D-182FE3945F28}.Release|Any CPU.ActiveCfg = Release|Any CPU
		{E0E0512D-42ED-4302-9E1D-182FE3945F28}.Release|Any CPU.Build.0 = Release|Any CPU
	EndGlobalSection
	GlobalSection(SolutionProperties) = preSolution
		HideSolutionNode = FALSE
	EndGlobalSection
EndGlobal
